
Microsoft Visual Studio Solution File, Format Version 12.00
# Visual Studio 15
VisualStudioVersion = 15.0.27428.2037
MinimumVisualStudioVersion = 10.0.40219.1
Project("{E24C65DC-7377-472B-9ABA-BC803B73C61A}") = "http://dnndev.me", "http://dnndev.me", "{76ECEBBA-5631-400A-B9BF-92558338D42F}"
	ProjectSection(WebsiteProperties) = preProject
		UseIISExpress = "false"
		TargetFrameworkMoniker = ".NETFramework,Version%3Dv4.5"
		Debug.AspNetCompiler.VirtualPath = "/dnndev.me"
		Debug.AspNetCompiler.PhysicalPath = "..\dnndev.me\"
		Debug.AspNetCompiler.TargetPath = "PrecompiledWeb\dnndev.me\"
		Debug.AspNetCompiler.Updateable = "true"
		Debug.AspNetCompiler.ForceOverwrite = "true"
		Debug.AspNetCompiler.FixedNames = "false"
		Debug.AspNetCompiler.Debug = "True"
		Release.AspNetCompiler.VirtualPath = "/dnndev.me"
		Release.AspNetCompiler.PhysicalPath = "..\dnndev.me\"
		Release.AspNetCompiler.TargetPath = "PrecompiledWeb\dnndev.me\"
		Release.AspNetCompiler.Updateable = "true"
		Release.AspNetCompiler.ForceOverwrite = "true"
		Release.AspNetCompiler.FixedNames = "false"
		Release.AspNetCompiler.Debug = "False"
		SlnRelativePath = "..\dnndev.me\"
	EndProjectSection
EndProject
Global
	GlobalSection(SolutionConfigurationPlatforms) = preSolution
		Debug|Any CPU = Debug|Any CPU
	EndGlobalSection
	GlobalSection(ProjectConfigurationPlatforms) = postSolution
		{76ECEBBA-5631-400A-B9BF-92558338D42F}.Debug|Any CPU.ActiveCfg = Debug|Any CPU
		{76ECEBBA-5631-400A-B9BF-92558338D42F}.Debug|Any CPU.Build.0 = Debug|Any CPU
	EndGlobalSection
	GlobalSection(SolutionProperties) = preSolution
		HideSolutionNode = FALSE
	EndGlobalSection
	GlobalSection(ExtensibilityGlobals) = postSolution
		SolutionGuid = {001384B2-FE04-45C0-A9C4-F503757C5732}
	EndGlobalSection
EndGlobal
